
Microsoft Visual Studio Solution File, Format Version 12.00
# Visual Studio 2012
Project("{8BC9CEB8-8B4A-11D0-8D11-00A0C91BC942}") = "TestOpenGL", "TestOpenGL\TestOpenGL.vcxproj", "{E5B28AE5-2849-409A-B883-0F7692699997}"
EndProject
Project("{8BC9CEB8-8B4A-11D0-8D11-00A0C91BC942}") = "OpenGraphicsLibrary", "..\OpenGraphicsLibrary\OpenGraphicsLibrary.vcxproj", "{00A78371-78AC-400B-AF24-9AE8C383B60E}"
EndProject
Global
	GlobalSection(SolutionConfigurationPlatforms) = preSolution
		Debug|ARM = Debug|ARM
		Debug|Win32 = Debug|Win32
		Debug|x64 = Debug|x64
		Release|ARM = Release|ARM
		Release|Win32 = Release|Win32
		Release|x64 = Release|x64
	EndGlobalSection
	GlobalSection(ProjectConfigurationPlatforms) = postSolution
		{E5B28AE5-2849-409A-B883-0F7692699997}.Debug|ARM.ActiveCfg = Debug|ARM
		{E5B28AE5-2849-409A-B883-0F7692699997}.Debug|ARM.Build.0 = Debug|ARM
		{E5B28AE5-2849-409A-B883-0F7692699997}.Debug|ARM.Deploy.0 = Debug|ARM
		{E5B28AE5-2849-409A-B883-0F7692699997}.Debug|Win32.ActiveCfg = Debug|Win32
		{E5B28AE5-2849-409A-B883-0F7692699997}.Debug|Win32.Build.0 = Debug|Win32
		{E5B28AE5-2849-409A-B883-0F7692699997}.Debug|Win32.Deploy.0 = Debug|Win32
		{E5B28AE5-2849-409A-B883-0F7692699997}.Debug|x64.ActiveCfg = Debug|x64
		{E5B28AE5-2849-409A-B883-0F7692699997}.Debug|x64.Build.0 = Debug|x64
		{E5B28AE5-2849-409A-B883-0F7692699997}.Debug|x64.Deploy.0 = Debug|x64
		{E5B28AE5-2849-409A-B883-0F7692699997}.Release|ARM.ActiveCfg = Release|ARM
		{E5B28AE5-2849-409A-B883-0F7692699997}.Release|ARM.Build.0 = Release|ARM
		{E5B28AE5-2849-409A-B883-0F7692699997}.Release|ARM.Deploy.0 = Release|ARM
		{E5B28AE5-2849-409A-B883-0F7692699997}.Release|Win32.ActiveCfg = Release|Win32
		{E5B28AE5-2849-409A-B883-0F7692699997}.Release|Win32.Build.0 = Release|Win32
		{E5B28AE5-2849-409A-B883-0F7692699997}.Release|Win32.Deploy.0 = Release|Win32
		{E5B28AE5-2849-409A-B883-0F7692699997}.Release|x64.ActiveCfg = Release|x64
		{E5B28AE5-2849-409A-B883-0F7692699997}.Release|x64.Build.0 = Release|x64
		{E5B28AE5-2849-409A-B883-0F7692699997}.Release|x64.Deploy.0 = Release|x64
		{00A78371-78AC-400B-AF24-9AE8C383B60E}.Debug|ARM.ActiveCfg = Debug|ARM
		{00A78371-78AC-400B-AF24-9AE8C383B60E}.Debug|ARM.Build.0 = Debug|ARM
		{00A78371-78AC-400B-AF24-9AE8C383B60E}.Debug|Win32.ActiveCfg = Debug|Win32
		{00A78371-78AC-400B-AF24-9AE8C383B60E}.Debug|Win32.Build.0 = Debug|Win32
		{00A78371-78AC-400B-AF24-9AE8C383B60E}.Debug|x64.ActiveCfg = Debug|x64
		{00A78371-78AC-400B-AF24-9AE8C383B60E}.Debug|x64.Build.0 = Debug|x64
		{00A78371-78AC-400B-AF24-9AE8C383B60E}.Release|ARM.ActiveCfg = Release|ARM
		{00A78371-78AC-400B-AF24-9AE8C383B60E}.Release|ARM.Build.0 = Release|ARM
		{00A78371-78AC-400B-AF24-9AE8C383B60E}.Release|Win32.ActiveCfg = Release|Win32
		{00A78371-78AC-400B-AF24-9AE8C383B60E}.Release|Win32.Build.0 = Release|Win32
		{00A78371-78AC-400B-AF24-9AE8C383B60E}.Release|x64.ActiveCfg = Release|x64
		{00A78371-78AC-400B-AF24-9AE8C383B60E}.Release|x64.Build.0 = Release|x64
	EndGlobalSection
	GlobalSection(SolutionProperties) = preSolution
		HideSolutionNode = FALSE
	EndGlobalSection
EndGlobal
