<?xml version="1.0" encoding="utf-8"?>
<Project ToolsVersion="12.0" xmlns="http://schemas.microsoft.com/developer/msbuild/2003">
  <ItemGroup>
    <Filter Include="Common">
      <UniqueIdentifier>e233245c-5ad4-44bb-aa70-29d24946c606</UniqueIdentifier>
    </Filter>
    <Filter Include="Assets">
      <UniqueIdentifier>4f908e76-a5ba-46e5-991f-05b1fb1b28a8</UniqueIdentifier>
      <Extensions>bmp;fbx;gif;jpg;jpeg;tga;tiff;tif;png</Extensions>
    </Filter>
    <Image Include="Assets\Logo.scale-100.png">
      <Filter>Assets</Filter>
    </Image>
    <Image Include="Assets\SmallLogo.scale-100.png">
      <Filter>Assets</Filter>
    </Image>
    <Image Include="Assets\StoreLogo.scale-100.png">
      <Filter>Assets</Filter>
    </Image>
    <Image Include="Assets\SplashScreen.scale-100.png">
      <Filter>Assets</Filter>
    </Image>
  </ItemGroup>
  <ItemGroup>
    <ApplicationDefinition Include="App.xaml" />
  </ItemGroup>
  <ItemGroup>
    <ClCompile Include="App.xaml.cpp" />
    <ClCompile Include="MainPage.xaml.cpp" />
    <ClCompile Include="pch.cpp" />
    <ClCompile Include="EulaPage.xaml.cpp" />
    <ClCompile Include="LaunchPage.xaml.cpp" />
    <ClCompile Include="SharedClass.cpp" />
    <ClCompile Include="WaitingDialog.xaml.cpp" />
  </ItemGroup>
  <ItemGroup>
    <ClInclude Include="pch.h" />
    <ClInclude Include="App.xaml.h" />
    <ClInclude Include="MainPage.xaml.h" />
    <ClInclude Include="EulaPage.xaml.h" />
    <ClInclude Include="LaunchPage.xaml.h" />
    <ClInclude Include="SharedClass.h" />
    <ClInclude Include="resource.h" />
    <ClInclude Include="WaitingDialog.xaml.h" />
  </ItemGroup>
  <ItemGroup>
    <AppxManifest Include="Package.appxmanifest" />
  </ItemGroup>
  <ItemGroup>
    <None Include="LaunchApp_TemporaryKey.pfx" />
  </ItemGroup>
  <ItemGroup>
    <Page Include="MainPage.xaml" />
    <Page Include="EulaPage.xaml" />
    <Page Include="LaunchPage.xaml" />
    <Page Include="Themes\Generic.xaml" />
    <Page Include="WaitingDialog.xaml" />
  </ItemGroup>
  <ItemGroup>
    <Image Include="Assets\default_launch.scale-100.png">
      <Filter>Assets</Filter>
    </Image>
    <Image Include="Assets\default_launch.scale-100.jpg">
      <Filter>Assets</Filter>
    </Image>
    <Image Include="Assets\splash.png">
      <Filter>Assets</Filter>
    </Image>
  </ItemGroup>
  <ItemGroup>
    <Text Include="Common\license.txt">
      <Filter>Common</Filter>
    </Text>
  </ItemGroup>
  <ItemGroup>
    <ResourceCompile Include="LaunchApp.rc" />
  </ItemGroup>
</Project>