<?xml version="1.0" encoding="utf-8"?>
<Project ToolsVersion="4.0" xmlns="http://schemas.microsoft.com/developer/msbuild/2003">
  <ItemGroup>
    <Filter Include="jni">
      <UniqueIdentifier>8f1f355b-5981-48f1-a479-f0100127676a</UniqueIdentifier>
    </Filter>
    <Filter Include="res">
      <UniqueIdentifier>53f61074-5c30-4d1d-9ea1-73cfedc7084a</UniqueIdentifier>
    </Filter>
    <Filter Include="src">
      <UniqueIdentifier>63bd6ab2-4ae6-4269-9962-e60e3f447687</UniqueIdentifier>
    </Filter>
    <Filter Include="res\values">
      <UniqueIdentifier>8585d66c-f610-4b73-9dd4-7ee251a4d2e0</UniqueIdentifier>
    </Filter>
    <Filter Include="src\com">
      <UniqueIdentifier>fe25be9f-ba10-4714-bfaa-ef81a158a3bd</UniqueIdentifier>
    </Filter>
    <Filter Include="src\com\example">
      <UniqueIdentifier>08e7aac1-4aae-422b-a298-794224b6ae2c</UniqueIdentifier>
    </Filter>
    <Filter Include="src\com\example\hellojni">
      <UniqueIdentifier>c5f74533-b86a-4c4f-9177-1367e3b41b90</UniqueIdentifier>
    </Filter>
  </ItemGroup>
  <ItemGroup>
    <AndroidBuild Include="AndroidManifest.xml" />
    <AndroidBuild Include="res\values\strings.xml">
      <Filter>res\values</Filter>
    </AndroidBuild>
  </ItemGroup>
  <ItemGroup>
    <JCompile Include="src\com\example\hellojni\HelloJni.java">
      <Filter>src\com\example\hellojni</Filter>
    </JCompile>
  </ItemGroup>
  <ItemGroup>
    <ClCompile Include="jni\HelloJni.cpp">
      <Filter>jni</Filter>
    </ClCompile>
  </ItemGroup>
</Project>