
Microsoft Visual Studio Solution File, Format Version 12.00
# Visual Studio 2013
VisualStudioVersion = 12.0.31101.0
MinimumVisualStudioVersion = 10.0.40219.1
Project("{8BC9CEB8-8B4A-11D0-8D11-00A0C91BC942}") = "VS_VisualGDB", "VS_VisualGDB.vcxproj", "{5A31A7F9-962F-41C6-9286-FE9338F2D247}"
EndProject
Global
	GlobalSection(SolutionConfigurationPlatforms) = preSolution
		Debug|Win32 = Debug|Win32
		Release|Win32 = Release|Win32
	EndGlobalSection
	GlobalSection(ProjectConfigurationPlatforms) = postSolution
		{5A31A7F9-962F-41C6-9286-FE9338F2D247}.Debug|Win32.ActiveCfg = Debug|Win32
		{5A31A7F9-962F-41C6-9286-FE9338F2D247}.Debug|Win32.Build.0 = Debug|Win32
		{5A31A7F9-962F-41C6-9286-FE9338F2D247}.Release|Win32.ActiveCfg = Release|Win32
		{5A31A7F9-962F-41C6-9286-FE9338F2D247}.Release|Win32.Build.0 = Release|Win32
	EndGlobalSection
	GlobalSection(SolutionProperties) = preSolution
		HideSolutionNode = FALSE
	EndGlobalSection
EndGlobal
